lockfileVersion: '9.0'

settings:
  autoInstallPeers: true
  excludeLinksFromLockfile: false

importers:

  .:
    dependencies:
      '@hono/node-server':
        specifier: ^1.19.11
        version: 1.19.11(hono@4.12.8)
      hono:
        specifier: ^4.7.0
        version: 4.12.8

packages:

  '@hono/node-server@1.19.11':
    resolution: {integrity: sha512-dr8/3zEaB+p0D2n/IUrlPF1HZm586qgJNXK1a9fhg/PzdtkK7Ksd5l312tJX2yBuALqDYBlG20QEbayqPyxn+g==}
    engines: {node: '>=18.14.1'}
    peerDependencies:
      hono: ^4

  hono@4.12.8:
    resolution: {integrity: sha512-VJCEvtrezO1IAR+kqEYnxUOoStaQPGrCmX3j4wDTNOcD1uRPFpGlwQUIW8niPuvHXaTUxeOUl5MMDGrl+tmO9A==}
    engines: {node: '>=16.9.0'}

snapshots:

  '@hono/node-server@1.19.11(hono@4.12.8)':
    dependencies:
      hono: 4.12.8

  hono@4.12.8: {}
